{
    "version": 3,
    "terraform_version": "0.10.6",
    "serial": 3,
    "lineage": "dfa32e87-f270-4ae7-b47e-7157c9efa0d0",
    "modules": [
        {
            "path": [
                "root"
            ],
            "outputs": {
                "Access Key ID": {
                    "sensitive": false,
                    "type": "string",
                    "value": "AKIAIKUK74FA7PTWASNQ"
                },
                "Password": {
                    "sensitive": false,
                    "type": "string",
                    "value": "AuRvN2qxTQKavxkRlZVTz3DOTVsDbeM1z+5ajWL8Edip"
                },
                "Secret Access Key": {
                    "sensitive": false,
                    "type": "string",
                    "value": "T4pqmGqf4tP5yoyBCJ0qQp3+HnqUYDnO6x8NGoHr"
                },
                "Status": {
                    "sensitive": false,
                    "type": "string",
                    "value": "Active"
                },
                "User": {
                    "sensitive": false,
                    "type": "string",
                    "value": "ria"
                },
                "password": {
                    "sensitive": false,
                    "type": "string",
                    "value": "wcBMAx22Anl7EwYdAQgAqJRjnAJ37HKTQyXlWKwaJbIFJRlwxPgV3PaHxg3xRBRs6Mm+knRFHs5LiB99LOMx3e1Y8PsYaiYpiMXxCzJ07BGXkN/wWYQd41Hey9C9xmNbGDbMmdnTiMrP2HBGQJD2zH8Fs3Vci4cULJKLnuxRJg9RpjflLMZJGyrbpX3BZA8BWZRdYUHMAZtFcdHTMy/nfcU5lXN1lHFl7jE5fMPMWS5+SXm388Rci2n3eVC8uZ5v6p2YBlevDrZnICm+P88E0V31jPbQzbp+7wFnhNkZsa/9IZWAvBvE15TUTyDa/7HBSCJ1jqZ9TOHrFltblJ8o/ROVfJf9VSocnJW6a3i9PNLgAeT1+ZUumT0+WjiMN3RGuCe94blr4Nfg8OGgReDK4peiNEDgPuSmx192/a7MDxWIUKq2LLWo4Hrit8K0S+Bz5AmtIXc6nFVgaM806LDviYTie8GLc+HuxAA="
                }
            },
            "resources": {
                "aws_iam_access_key.sp": {
                    "type": "aws_iam_access_key",
                    "depends_on": [
                        "aws_iam_user.sp"
                    ],
                    "primary": {
                        "id": "AKIAIKUK74FA7PTWASNQ",
                        "attributes": {
                            "id": "AKIAIKUK74FA7PTWASNQ",
                            "secret": "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",
                            "ses_smtp_password": "AuRvN2qxTQKavxkRlZVTz3DOTVsDbeM1z+5ajWL8Edip",
                            "status": "Active",
                            "user": "ria"
                        },
                        "meta": {},
                        "tainted": false
                    },
                    "deposed": [],
                    "provider": ""
                },
                "aws_iam_user.sp": {
                    "type": "aws_iam_user",
                    "depends_on": [],
                    "primary": {
                        "id": "ria",
                        "attributes": {
                            "arn": "arn:aws:iam::759019026384:user/system/ria",
                            "force_destroy": "false",
                            "id": "ria",
                            "name": "ria",
                            "path": "/system/",
                            "unique_id": "AIDAJGQ7MZ5CZ5HYGQDPQ"
                        },
                        "meta": {},
                        "tainted": false
                    },
                    "deposed": [],
                    "provider": ""
                },
                "aws_iam_user_login_profile.sp": {
                    "type": "aws_iam_user_login_profile",
                    "depends_on": [
                        "aws_iam_user.sp"
                    ],
                    "primary": {
                        "id": "ria",
                        "attributes": {
                            "encrypted_password": "wcBMAx22Anl7EwYdAQgAqJRjnAJ37HKTQyXlWKwaJbIFJRlwxPgV3PaHxg3xRBRs6Mm+knRFHs5LiB99LOMx3e1Y8PsYaiYpiMXxCzJ07BGXkN/wWYQd41Hey9C9xmNbGDbMmdnTiMrP2HBGQJD2zH8Fs3Vci4cULJKLnuxRJg9RpjflLMZJGyrbpX3BZA8BWZRdYUHMAZtFcdHTMy/nfcU5lXN1lHFl7jE5fMPMWS5+SXm388Rci2n3eVC8uZ5v6p2YBlevDrZnICm+P88E0V31jPbQzbp+7wFnhNkZsa/9IZWAvBvE15TUTyDa/7HBSCJ1jqZ9TOHrFltblJ8o/ROVfJf9VSocnJW6a3i9PNLgAeT1+ZUumT0+WjiMN3RGuCe94blr4Nfg8OGgReDK4peiNEDgPuSmx192/a7MDxWIUKq2LLWo4Hrit8K0S+Bz5AmtIXc6nFVgaM806LDviYTie8GLc+HuxAA=",
                            "id": "ria",
                            "key_fingerprint": "692a0431af9214c8494b03f7962d2c5f724a6cd0",
                            "password_length": "20",
                            "password_reset_required": "true",
                            "pgp_key": "keybase:ria",
                            "user": "ria"
                        },
                        "meta": {},
                        "tainted": false
                    },
                    "deposed": [],
                    "provider": ""
                },
                "aws_iam_user_policy.sp_ro": {
                    "type": "aws_iam_user_policy",
                    "depends_on": [
                        "aws_iam_user.sp"
                    ],
                    "primary": {
                        "id": "ria:test",
                        "attributes": {
                            "id": "ria:test",
                            "name": "test",
                            "policy": "{\n  \"Version\": \"2012-10-17\",\n  \"Statement\": [\n    {\n      \"Action\": [\n        \"ec2:Describe*\"\n      ],\n      \"Effect\": \"Allow\",\n      \"Resource\": \"*\"\n    }\n  ]\n}\n",
                            "user": "ria"
                        },
                        "meta": {},
                        "tainted": false
                    },
                    "deposed": [],
                    "provider": ""
                }
            },
            "depends_on": []
        }
    ]
}
